
Microsoft Visual Studio Solution File, Format Version 12.00
# Visual Studio 14
VisualStudioVersion = 14.0.23107.0
MinimumVisualStudioVersion = 10.0.40219.1
Project("{FAE04EC0-301F-11D3-BF4B-00C04F79EFBC}") = "CommitteeAdministration", "CommitteeAdministration\CommitteeAdministration.csproj", "{98FAB4B2-DF40-4FD6-824F-7614F960DE53}"
EndProject
Project("{FAE04EC0-301F-11D3-BF4B-00C04F79EFBC}") = "CommitteeManagment", "CommitteeManagment\CommitteeManagment.csproj", "{1C57D4C2-38D9-4523-A3C4-0D0C378AFFFA}"
EndProject
Project("{FAE04EC0-301F-11D3-BF4B-00C04F79EFBC}") = "CommitteeManagement.Model", "CommitteeManagement.Model\CommitteeManagement.Model.csproj", "{4A6C6E89-65D1-42DA-AC21-4298F5D841BB}"
EndProject
Project("{FAE04EC0-301F-11D3-BF4B-00C04F79EFBC}") = "CommitteeManagement.Repository", "CommitteeManagement.Repository\CommitteeManagement.Repository.csproj", "{44D0DF10-F2AF-4D1E-B340-C8CFE3FDFA36}"
EndProject
Global
	GlobalSection(SolutionConfigurationPlatforms) = preSolution
		Debug|Any CPU = Debug|Any CPU
		Release|Any CPU = Release|Any CPU
	EndGlobalSection
	GlobalSection(ProjectConfigurationPlatforms) = postSolution
		{98FAB4B2-DF40-4FD6-824F-7614F960DE53}.Debug|Any CPU.ActiveCfg = Debug|Any CPU
		{98FAB4B2-DF40-4FD6-824F-7614F960DE53}.Debug|Any CPU.Build.0 = Debug|Any CPU
		{98FAB4B2-DF40-4FD6-824F-7614F960DE53}.Release|Any CPU.ActiveCfg = Release|Any CPU
		{98FAB4B2-DF40-4FD6-824F-7614F960DE53}.Release|Any CPU.Build.0 = Release|Any CPU
		{1C57D4C2-38D9-4523-A3C4-0D0C378AFFFA}.Debug|Any CPU.ActiveCfg = Debug|Any CPU
		{1C57D4C2-38D9-4523-A3C4-0D0C378AFFFA}.Debug|Any CPU.Build.0 = Debug|Any CPU
		{1C57D4C2-38D9-4523-A3C4-0D0C378AFFFA}.Release|Any CPU.ActiveCfg = Release|Any CPU
		{1C57D4C2-38D9-4523-A3C4-0D0C378AFFFA}.Release|Any CPU.Build.0 = Release|Any CPU
		{4A6C6E89-65D1-42DA-AC21-4298F5D841BB}.Debug|Any CPU.ActiveCfg = Debug|Any CPU
		{4A6C6E89-65D1-42DA-AC21-4298F5D841BB}.Debug|Any CPU.Build.0 = Debug|Any CPU
		{4A6C6E89-65D1-42DA-AC21-4298F5D841BB}.Release|Any CPU.ActiveCfg = Release|Any CPU
		{4A6C6E89-65D1-42DA-AC21-4298F5D841BB}.Release|Any CPU.Build.0 = Release|Any CPU
		{44D0DF10-F2AF-4D1E-B340-C8CFE3FDFA36}.Debug|Any CPU.ActiveCfg = Debug|Any CPU
		{44D0DF10-F2AF-4D1E-B340-C8CFE3FDFA36}.Debug|Any CPU.Build.0 = Debug|Any CPU
		{44D0DF10-F2AF-4D1E-B340-C8CFE3FDFA36}.Release|Any CPU.ActiveCfg = Release|Any CPU
		{44D0DF10-F2AF-4D1E-B340-C8CFE3FDFA36}.Release|Any CPU.Build.0 = Release|Any CPU
	EndGlobalSection
	GlobalSection(SolutionProperties) = preSolution
		HideSolutionNode = FALSE
	EndGlobalSection
EndGlobal
